{
  "name": "mui-bootstrap-styling-bug",
  "lockfileVersion": 2,
  "requires": true,
  "packages": {
    "": {
      "dependencies": {
        "next": "canary",
        "react": "^18.2.0",
        "react-dom": "^18.2.0"
      },
      "devDependencies": {
        "@types/node": "^18.0.0",
        "@types/react": "^18.0.14",
        "typescript": "^4.7.4"
      }
    },
    "node_modules/@next/env": {
      "version": "12.2.4-canary.9",
      "resolved": "https://registry.npmjs.org/@next/env/-/env-12.2.4-canary.9.tgz",
      "integrity": "sha512-d+GjzdVQDAih+RXalvcdQG7tJhW17NXH0qBZz2gbZGYdOUtSY22gt6wCocSpgB3K1JPeA2x8odM9dW1cjLNcGA=="
    },
    "node_modules/@next/swc-android-arm-eabi": {
      "version": "12.2.4-canary.9",
      "resolved": "https://registry.npmjs.org/@next/swc-android-arm-eabi/-/swc-android-arm-eabi-12.2.4-canary.9.tgz",
      "integrity": "sha512-rE4k7hW/o9EuSMeS+AVLX8VTd+35BpBhFI/F0MbntIIMgUYDynFYVMBrhSi3NXF4qdjNvpRbGtMCACgrqU7CrQ==",
      "cpu": [
        "arm"
      ],
      "optional": true,
      "os": [
        "android"
      ],
      "engines": {
        "node": ">= 10"
      }
    },
    "node_modules/@next/swc-android-arm64": {
      "version": "12.2.4-canary.9",
      "resolved": "https://registry.npmjs.org/@next/swc-android-arm64/-/swc-android-arm64-12.2.4-canary.9.tgz",
      "integrity": "sha512-Mbvz9t2g7F1hFDp6K3KIjD1byxhz8WOeYt+KWWJZxCtA5iz1JW52OEQM7c6VEnn3j13kxDELTr+6rE5+NwPf/w==",
      "cpu": [
        "arm64"
      ],
      "optional": true,
      "os": [
        "android"
      ],
      "engines": {
        "node": ">= 10"
      }
    },
    "node_modules/@next/swc-darwin-arm64": {
      "version": "12.2.4-canary.9",
      "resolved": "https://registry.npmjs.org/@next/swc-darwin-arm64/-/swc-darwin-arm64-12.2.4-canary.9.tgz",
      "integrity": "sha512-p2jgrXyEjax7AO17I4wKXmLZhl8jXBMv4HaUpmI8yO+v2Ymh/9GLGD+775YV51JwHxoEggLWpNRUFhsVURCw6w==",
      "cpu": [
        "arm64"
      ],
      "optional": true,
      "os": [
        "darwin"
      ],
      "engines": {
        "node": ">= 10"
      }
    },
    "node_modules/@next/swc-darwin-x64": {
      "version": "12.2.4-canary.9",
      "resolved": "https://registry.npmjs.org/@next/swc-darwin-x64/-/swc-darwin-x64-12.2.4-canary.9.tgz",
      "integrity": "sha512-sbSwEqKuBuDLnwkbCEew4Ly4LRw2hP6X+MTNeoDnnPZKLkBJYkta89doTEkQsw11wxt85AQZ4uuwmhcB2YHwWw==",
      "cpu": [
        "x64"
      ],
      "optional": true,
      "os": [
        "darwin"
      ],
      "engines": {
        "node": ">= 10"
      }
    },
    "node_modules/@next/swc-freebsd-x64": {
      "version": "12.2.4-canary.9",
      "resolved": "https://registry.npmjs.org/@next/swc-freebsd-x64/-/swc-freebsd-x64-12.2.4-canary.9.tgz",
      "integrity": "sha512-fzx42qi+UJv55oIaJc+tEtTM1HrYeFPCveeB8uQLLk9ag+KuDeEvHI+WeFafsDoI3+LMyvgduirjinfSDYCS1Q==",
      "cpu": [
        "x64"
      ],
      "optional": true,
      "os": [
        "freebsd"
      ],
      "engines": {
        "node": ">= 10"
      }
    },
    "node_modules/@next/swc-linux-arm-gnueabihf": {
      "version": "12.2.4-canary.9",
      "resolved": "https://registry.npmjs.org/@next/swc-linux-arm-gnueabihf/-/swc-linux-arm-gnueabihf-12.2.4-canary.9.tgz",
      "integrity": "sha512-qNFFU0EWPwI+jsZno4aYr4fpVIGRE8wkX528aE1Plf4IlwbATauIAO2RnlLF8rV9gMxb7qwQfKaFaXaZly4wVg==",
      "cpu": [
        "arm"
      ],
      "optional": true,
      "os": [
        "linux"
      ],
      "engines": {
        "node": ">= 10"
      }
    },
    "node_modules/@next/swc-linux-arm64-gnu": {
      "version": "12.2.4-canary.9",
      "resolved": "https://registry.npmjs.org/@next/swc-linux-arm64-gnu/-/swc-linux-arm64-gnu-12.2.4-canary.9.tgz",
      "integrity": "sha512-vucIs6TEgKly32qc6A3HnGa3Rzz1YrD6hwCR0FVS78JzkB7XNyXOboZqEQm0MRUdzVD83qSzQfvoII6aoU/zIA==",
      "cpu": [
        "arm64"
      ],
      "optional": true,
      "os": [
        "linux"
      ],
      "engines": {
        "node": ">= 10"
      }
    },
    "node_modules/@next/swc-linux-arm64-musl": {
      "version": "12.2.4-canary.9",
      "resolved": "https://registry.npmjs.org/@next/swc-linux-arm64-musl/-/swc-linux-arm64-musl-12.2.4-canary.9.tgz",
      "integrity": "sha512-YxVfYn1h88RzOJV36st2MEtjk/f0siovnDTIu5OyEOZmJ+PsHB9mNlbf8KTb0atKjHOV4QEbkynOuZ+Ir+CIZA==",
      "cpu": [
        "arm64"
      ],
      "optional": true,
      "os": [
        "linux"
      ],
      "engines": {
        "node": ">= 10"
      }
    },
    "node_modules/@next/swc-linux-x64-gnu": {
      "version": "12.2.4-canary.9",
      "resolved": "https://registry.npmjs.org/@next/swc-linux-x64-gnu/-/swc-linux-x64-gnu-12.2.4-canary.9.tgz",
      "integrity": "sha512-Vdc1jSxxS4xsH/4Swo6U4iRucNeibkD8MUCasKeO4aewlT3fHe9PoTovqcMESfj7T6170K/7mRt2pECozriaIA==",
      "cpu": [
        "x64"
      ],
      "optional": true,
      "os": [
        "linux"
      ],
      "engines": {
        "node": ">= 10"
      }
    },
    "node_modules/@next/swc-linux-x64-musl": {
      "version": "12.2.4-canary.9",
      "resolved": "https://registry.npmjs.org/@next/swc-linux-x64-musl/-/swc-linux-x64-musl-12.2.4-canary.9.tgz",
      "integrity": "sha512-7Ojx3PVFB1S5r0fdWHX7w6mlMNO6Kz9Wf/J3wdA4Udc3czZ/kOxRG02YBygyAfevylVwcmbrwcKCDFOul7Vw7w==",
      "cpu": [
        "x64"
      ],
      "optional": true,
      "os": [
        "linux"
      ],
      "engines": {
        "node": ">= 10"
      }
    },
    "node_modules/@next/swc-win32-arm64-msvc": {
      "version": "12.2.4-canary.9",
      "resolved": "https://registry.npmjs.org/@next/swc-win32-arm64-msvc/-/swc-win32-arm64-msvc-12.2.4-canary.9.tgz",
      "integrity": "sha512-KmM77PCuZrlzk/vsmM9/NSSfLIEm+zxC213QjPAq5lQiQhfOTLE/TSDhmdtbtOXdnmYSVPUUvmXs2zzCXV8xgQ==",
      "cpu": [
        "arm64"
      ],
      "optional": true,
      "os": [
        "win32"
      ],
      "engines": {
        "node": ">= 10"
      }
    },
    "node_modules/@next/swc-win32-ia32-msvc": {
      "version": "12.2.4-canary.9",
      "resolved": "https://registry.npmjs.org/@next/swc-win32-ia32-msvc/-/swc-win32-ia32-msvc-12.2.4-canary.9.tgz",
      "integrity": "sha512-n3X1Fijs5hVDA8lIavUSSk5czT65DXOpkppu9lKhNW5xYdWCtt4Vako3tYUWfPN+E8tpyIr5UP1iRxQOug7JfA==",
      "cpu": [
        "ia32"
      ],
      "optional": true,
      "os": [
        "win32"
      ],
      "engines": {
        "node": ">= 10"
      }
    },
    "node_modules/@next/swc-win32-x64-msvc": {
      "version": "12.2.4-canary.9",
      "resolved": "https://registry.npmjs.org/@next/swc-win32-x64-msvc/-/swc-win32-x64-msvc-12.2.4-canary.9.tgz",
      "integrity": "sha512-ZkKK6r14vIF0SytIrJp9SG+xkiXXtqnG3E31vnsi2X/2H5FJ3T9qPDvgURlvhcSPI3jGGdvjLg+fW5CoeJqNqw==",
      "cpu": [
        "x64"
      ],
      "optional": true,
      "os": [
        "win32"
      ],
      "engines": {
        "node": ">= 10"
      }
    },
    "node_modules/@swc/helpers": {
      "version": "0.4.3",
      "resolved": "https://registry.npmjs.org/@swc/helpers/-/helpers-0.4.3.tgz",
      "integrity": "sha512-6JrF+fdUK2zbGpJIlN7G3v966PQjyx/dPt1T9km2wj+EUBqgrxCk3uX4Kct16MIm9gGxfKRcfax2hVf5jvlTzA==",
      "dependencies": {
        "tslib": "^2.4.0"
      }
    },
    "node_modules/@types/node": {
      "version": "18.6.3",
      "resolved": "https://registry.npmjs.org/@types/node/-/node-18.6.3.tgz",
      "integrity": "sha512-6qKpDtoaYLM+5+AFChLhHermMQxc3TOEFIDzrZLPRGHPrLEwqFkkT5Kx3ju05g6X7uDPazz3jHbKPX0KzCjntg==",
      "dev": true
    },
    "node_modules/@types/prop-types": {
      "version": "15.7.5",
      "resolved": "https://registry.npmjs.org/@types/prop-types/-/prop-types-15.7.5.tgz",
      "integrity": "sha512-JCB8C6SnDoQf0cNycqd/35A7MjcnK+ZTqE7judS6o7utxUCg6imJg3QK2qzHKszlTjcj2cn+NwMB2i96ubpj7w==",
      "dev": true
    },
    "node_modules/@types/react": {
      "version": "18.0.15",
      "resolved": "https://registry.npmjs.org/@types/react/-/react-18.0.15.tgz",
      "integrity": "sha512-iz3BtLuIYH1uWdsv6wXYdhozhqj20oD4/Hk2DNXIn1kFsmp9x8d9QB6FnPhfkbhd2PgEONt9Q1x/ebkwjfFLow==",
      "dev": true,
      "dependencies": {
        "@types/prop-types": "*",
        "@types/scheduler": "*",
        "csstype": "^3.0.2"
      }
    },
    "node_modules/@types/scheduler": {
      "version": "0.16.2",
      "resolved": "https://registry.npmjs.org/@types/scheduler/-/scheduler-0.16.2.tgz",
      "integrity": "sha512-hppQEBDmlwhFAXKJX2KnWLYu5yMfi91yazPb2l+lbJiwW+wdo1gNeRA+3RgNSO39WYX2euey41KEwnqesU2Jew==",
      "dev": true
    },
    "node_modules/caniuse-lite": {
      "version": "1.0.30001373",
      "resolved": "https://registry.npmjs.org/caniuse-lite/-/caniuse-lite-1.0.30001373.tgz",
      "integrity": "sha512-pJYArGHrPp3TUqQzFYRmP/lwJlj8RCbVe3Gd3eJQkAV8SAC6b19XS9BjMvRdvaS8RMkaTN8ZhoHP6S1y8zzwEQ==",
      "funding": [
        {
          "type": "opencollective",
          "url": "https://opencollective.com/browserslist"
        },
        {
          "type": "tidelift",
          "url": "https://tidelift.com/funding/github/npm/caniuse-lite"
        }
      ]
    },
    "node_modules/csstype": {
      "version": "3.1.0",
      "resolved": "https://registry.npmjs.org/csstype/-/csstype-3.1.0.tgz",
      "integrity": "sha512-uX1KG+x9h5hIJsaKR9xHUeUraxf8IODOwq9JLNPq6BwB04a/xgpq3rcx47l5BZu5zBPlgD342tdke3Hom/nJRA==",
      "dev": true
    },
    "node_modules/js-tokens": {
      "version": "4.0.0",
      "resolved": "https://registry.npmjs.org/js-tokens/-/js-tokens-4.0.0.tgz",
      "integrity": "sha512-RdJUflcE3cUzKiMqQgsCu06FPu9UdIJO0beYbPhHN4k6apgJtifcoCtT9bcxOpYBtpD2kCM6Sbzg4CausW/PKQ=="
    },
    "node_modules/loose-envify": {
      "version": "1.4.0",
      "resolved": "https://registry.npmjs.org/loose-envify/-/loose-envify-1.4.0.tgz",
      "integrity": "sha512-lyuxPGr/Wfhrlem2CL/UcnUc1zcqKAImBDzukY7Y5F/yQiNdko6+fRLevlw1HgMySw7f611UIY408EtxRSoK3Q==",
      "dependencies": {
        "js-tokens": "^3.0.0 || ^4.0.0"
      },
      "bin": {
        "loose-envify": "cli.js"
      }
    },
    "node_modules/nanoid": {
      "version": "3.3.4",
      "resolved": "https://registry.npmjs.org/nanoid/-/nanoid-3.3.4.tgz",
      "integrity": "sha512-MqBkQh/OHTS2egovRtLk45wEyNXwF+cokD+1YPf9u5VfJiRdAiRwB2froX5Co9Rh20xs4siNPm8naNotSD6RBw==",
      "bin": {
        "nanoid": "bin/nanoid.cjs"
      },
      "engines": {
        "node": "^10 || ^12 || ^13.7 || ^14 || >=15.0.1"
      }
    },
    "node_modules/next": {
      "version": "12.2.4-canary.9",
      "resolved": "https://registry.npmjs.org/next/-/next-12.2.4-canary.9.tgz",
      "integrity": "sha512-lZtjRAPMxKVSM845PDuSsXexjjU++ZEsNsI2gPwuoblyawLSwiROkQm2YszXe6HwXFb5FG3Oqn1bgboTl4S82A==",
      "dependencies": {
        "@next/env": "12.2.4-canary.9",
        "@swc/helpers": "0.4.3",
        "caniuse-lite": "^1.0.30001332",
        "postcss": "8.4.14",
        "styled-jsx": "5.0.2",
        "use-sync-external-store": "1.2.0"
      },
      "bin": {
        "next": "dist/bin/next"
      },
      "engines": {
        "node": ">=12.22.0"
      },
      "optionalDependencies": {
        "@next/swc-android-arm-eabi": "12.2.4-canary.9",
        "@next/swc-android-arm64": "12.2.4-canary.9",
        "@next/swc-darwin-arm64": "12.2.4-canary.9",
        "@next/swc-darwin-x64": "12.2.4-canary.9",
        "@next/swc-freebsd-x64": "12.2.4-canary.9",
        "@next/swc-linux-arm-gnueabihf": "12.2.4-canary.9",
        "@next/swc-linux-arm64-gnu": "12.2.4-canary.9",
        "@next/swc-linux-arm64-musl": "12.2.4-canary.9",
        "@next/swc-linux-x64-gnu": "12.2.4-canary.9",
        "@next/swc-linux-x64-musl": "12.2.4-canary.9",
        "@next/swc-win32-arm64-msvc": "12.2.4-canary.9",
        "@next/swc-win32-ia32-msvc": "12.2.4-canary.9",
        "@next/swc-win32-x64-msvc": "12.2.4-canary.9"
      },
      "peerDependencies": {
        "fibers": ">= 3.1.0",
        "node-sass": "^6.0.0 || ^7.0.0",
        "react": "^17.0.2 || ^18.0.0-0",
        "react-dom": "^17.0.2 || ^18.0.0-0",
        "sass": "^1.3.0"
      },
      "peerDependenciesMeta": {
        "fibers": {
          "optional": true
        },
        "node-sass": {
          "optional": true
        },
        "sass": {
          "optional": true
        }
      }
    },
    "node_modules/picocolors": {
      "version": "1.0.0",
      "resolved": "https://registry.npmjs.org/picocolors/-/picocolors-1.0.0.tgz",
      "integrity": "sha512-1fygroTLlHu66zi26VoTDv8yRgm0Fccecssto+MhsZ0D/DGW2sm8E8AjW7NU5VVTRt5GxbeZ5qBuJr+HyLYkjQ=="
    },
    "node_modules/postcss": {
      "version": "8.4.14",
      "resolved": "https://registry.npmjs.org/postcss/-/postcss-8.4.14.tgz",
      "integrity": "sha512-E398TUmfAYFPBSdzgeieK2Y1+1cpdxJx8yXbK/m57nRhKSmk1GB2tO4lbLBtlkfPQTDKfe4Xqv1ASWPpayPEig==",
      "funding": [
        {
          "type": "opencollective",
          "url": "https://opencollective.com/postcss/"
        },
        {
          "type": "tidelift",
          "url": "https://tidelift.com/funding/github/npm/postcss"
        }
      ],
      "dependencies": {
        "nanoid": "^3.3.4",
        "picocolors": "^1.0.0",
        "source-map-js": "^1.0.2"
      },
      "engines": {
        "node": "^10 || ^12 || >=14"
      }
    },
    "node_modules/react": {
      "version": "18.2.0",
      "resolved": "https://registry.npmjs.org/react/-/react-18.2.0.tgz",
      "integrity": "sha512-/3IjMdb2L9QbBdWiW5e3P2/npwMBaU9mHCSCUzNln0ZCYbcfTsGbTJrU/kGemdH2IWmB2ioZ+zkxtmq6g09fGQ==",
      "dependencies": {
        "loose-envify": "^1.1.0"
      },
      "engines": {
        "node": ">=0.10.0"
      }
    },
    "node_modules/react-dom": {
      "version": "18.2.0",
      "resolved": "https://registry.npmjs.org/react-dom/-/react-dom-18.2.0.tgz",
      "integrity": "sha512-6IMTriUmvsjHUjNtEDudZfuDQUoWXVxKHhlEGSk81n4YFS+r/Kl99wXiwlVXtPBtJenozv2P+hxDsw9eA7Xo6g==",
      "dependencies": {
        "loose-envify": "^1.1.0",
        "scheduler": "^0.23.0"
      },
      "peerDependencies": {
        "react": "^18.2.0"
      }
    },
    "node_modules/scheduler": {
      "version": "0.23.0",
      "resolved": "https://registry.npmjs.org/scheduler/-/scheduler-0.23.0.tgz",
      "integrity": "sha512-CtuThmgHNg7zIZWAXi3AsyIzA3n4xx7aNyjwC2VJldO2LMVDhFK+63xGqq6CsJH4rTAt6/M+N4GhZiDYPx9eUw==",
      "dependencies": {
        "loose-envify": "^1.1.0"
      }
    },
    "node_modules/source-map-js": {
      "version": "1.0.2",
      "resolved": "https://registry.npmjs.org/source-map-js/-/source-map-js-1.0.2.tgz",
      "integrity": "sha512-R0XvVJ9WusLiqTCEiGCmICCMplcCkIwwR11mOSD9CR5u+IXYdiseeEuXCVAjS54zqwkLcPNnmU4OeJ6tUrWhDw==",
      "engines": {
        "node": ">=0.10.0"
      }
    },
    "node_modules/styled-jsx": {
      "version": "5.0.2",
      "resolved": "https://registry.npmjs.org/styled-jsx/-/styled-jsx-5.0.2.tgz",
      "integrity": "sha512-LqPQrbBh3egD57NBcHET4qcgshPks+yblyhPlH2GY8oaDgKs8SK4C3dBh3oSJjgzJ3G5t1SYEZGHkP+QEpX9EQ==",
      "engines": {
        "node": ">= 12.0.0"
      },
      "peerDependencies": {
        "react": ">= 16.8.0 || 17.x.x || ^18.0.0-0"
      },
      "peerDependenciesMeta": {
        "@babel/core": {
          "optional": true
        },
        "babel-plugin-macros": {
          "optional": true
        }
      }
    },
    "node_modules/tslib": {
      "version": "2.4.0",
      "resolved": "https://registry.npmjs.org/tslib/-/tslib-2.4.0.tgz",
      "integrity": "sha512-d6xOpEDfsi2CZVlPQzGeux8XMwLT9hssAsaPYExaQMuYskwb+x1x7J371tWlbBdWHroy99KnVB6qIkUbs5X3UQ=="
    },
    "node_modules/typescript": {
      "version": "4.7.4",
      "resolved": "https://registry.npmjs.org/typescript/-/typescript-4.7.4.tgz",
      "integrity": "sha512-C0WQT0gezHuw6AdY1M2jxUO83Rjf0HP7Sk1DtXj6j1EwkQNZrHAg2XPWlq62oqEhYvONq5pkC2Y9oPljWToLmQ==",
      "dev": true,
      "bin": {
        "tsc": "bin/tsc",
        "tsserver": "bin/tsserver"
      },
      "engines": {
        "node": ">=4.2.0"
      }
    },
    "node_modules/use-sync-external-store": {
      "version": "1.2.0",
      "resolved": "https://registry.npmjs.org/use-sync-external-store/-/use-sync-external-store-1.2.0.tgz",
      "integrity": "sha512-eEgnFxGQ1Ife9bzYs6VLi8/4X6CObHMw9Qr9tPY43iKwsPw8xE8+EFsf/2cFZ5S3esXgpWgtSCtLNS41F+sKPA==",
      "peerDependencies": {
        "react": "^16.8.0 || ^17.0.0 || ^18.0.0"
      }
    }
  },
  "dependencies": {
    "@next/env": {
      "version": "12.2.4-canary.9",
      "resolved": "https://registry.npmjs.org/@next/env/-/env-12.2.4-canary.9.tgz",
      "integrity": "sha512-d+GjzdVQDAih+RXalvcdQG7tJhW17NXH0qBZz2gbZGYdOUtSY22gt6wCocSpgB3K1JPeA2x8odM9dW1cjLNcGA=="
    },
    "@next/swc-android-arm-eabi": {
      "version": "12.2.4-canary.9",
      "resolved": "https://registry.npmjs.org/@next/swc-android-arm-eabi/-/swc-android-arm-eabi-12.2.4-canary.9.tgz",
      "integrity": "sha512-rE4k7hW/o9EuSMeS+AVLX8VTd+35BpBhFI/F0MbntIIMgUYDynFYVMBrhSi3NXF4qdjNvpRbGtMCACgrqU7CrQ==",
      "optional": true
    },
    "@next/swc-android-arm64": {
      "version": "12.2.4-canary.9",
      "resolved": "https://registry.npmjs.org/@next/swc-android-arm64/-/swc-android-arm64-12.2.4-canary.9.tgz",
      "integrity": "sha512-Mbvz9t2g7F1hFDp6K3KIjD1byxhz8WOeYt+KWWJZxCtA5iz1JW52OEQM7c6VEnn3j13kxDELTr+6rE5+NwPf/w==",
      "optional": true
    },
    "@next/swc-darwin-arm64": {
      "version": "12.2.4-canary.9",
      "resolved": "https://registry.npmjs.org/@next/swc-darwin-arm64/-/swc-darwin-arm64-12.2.4-canary.9.tgz",
      "integrity": "sha512-p2jgrXyEjax7AO17I4wKXmLZhl8jXBMv4HaUpmI8yO+v2Ymh/9GLGD+775YV51JwHxoEggLWpNRUFhsVURCw6w==",
      "optional": true
    },
    "@next/swc-darwin-x64": {
      "version": "12.2.4-canary.9",
      "resolved": "https://registry.npmjs.org/@next/swc-darwin-x64/-/swc-darwin-x64-12.2.4-canary.9.tgz",
      "integrity": "sha512-sbSwEqKuBuDLnwkbCEew4Ly4LRw2hP6X+MTNeoDnnPZKLkBJYkta89doTEkQsw11wxt85AQZ4uuwmhcB2YHwWw==",
      "optional": true
    },
    "@next/swc-freebsd-x64": {
      "version": "12.2.4-canary.9",
      "resolved": "https://registry.npmjs.org/@next/swc-freebsd-x64/-/swc-freebsd-x64-12.2.4-canary.9.tgz",
      "integrity": "sha512-fzx42qi+UJv55oIaJc+tEtTM1HrYeFPCveeB8uQLLk9ag+KuDeEvHI+WeFafsDoI3+LMyvgduirjinfSDYCS1Q==",
      "optional": true
    },
    "@next/swc-linux-arm-gnueabihf": {
      "version": "12.2.4-canary.9",
      "resolved": "https://registry.npmjs.org/@next/swc-linux-arm-gnueabihf/-/swc-linux-arm-gnueabihf-12.2.4-canary.9.tgz",
      "integrity": "sha512-qNFFU0EWPwI+jsZno4aYr4fpVIGRE8wkX528aE1Plf4IlwbATauIAO2RnlLF8rV9gMxb7qwQfKaFaXaZly4wVg==",
      "optional": true
    },
    "@next/swc-linux-arm64-gnu": {
      "version": "12.2.4-canary.9",
      "resolved": "https://registry.npmjs.org/@next/swc-linux-arm64-gnu/-/swc-linux-arm64-gnu-12.2.4-canary.9.tgz",
      "integrity": "sha512-vucIs6TEgKly32qc6A3HnGa3Rzz1YrD6hwCR0FVS78JzkB7XNyXOboZqEQm0MRUdzVD83qSzQfvoII6aoU/zIA==",
      "optional": true
    },
    "@next/swc-linux-arm64-musl": {
      "version": "12.2.4-canary.9",
      "resolved": "https://registry.npmjs.org/@next/swc-linux-arm64-musl/-/swc-linux-arm64-musl-12.2.4-canary.9.tgz",
      "integrity": "sha512-YxVfYn1h88RzOJV36st2MEtjk/f0siovnDTIu5OyEOZmJ+PsHB9mNlbf8KTb0atKjHOV4QEbkynOuZ+Ir+CIZA==",
      "optional": true
    },
    "@next/swc-linux-x64-gnu": {
      "version": "12.2.4-canary.9",
      "resolved": "https://registry.npmjs.org/@next/swc-linux-x64-gnu/-/swc-linux-x64-gnu-12.2.4-canary.9.tgz",
      "integrity": "sha512-Vdc1jSxxS4xsH/4Swo6U4iRucNeibkD8MUCasKeO4aewlT3fHe9PoTovqcMESfj7T6170K/7mRt2pECozriaIA==",
      "optional": true
    },
    "@next/swc-linux-x64-musl": {
      "version": "12.2.4-canary.9",
      "resolved": "https://registry.npmjs.org/@next/swc-linux-x64-musl/-/swc-linux-x64-musl-12.2.4-canary.9.tgz",
      "integrity": "sha512-7Ojx3PVFB1S5r0fdWHX7w6mlMNO6Kz9Wf/J3wdA4Udc3czZ/kOxRG02YBygyAfevylVwcmbrwcKCDFOul7Vw7w==",
      "optional": true
    },
    "@next/swc-win32-arm64-msvc": {
      "version": "12.2.4-canary.9",
      "resolved": "https://registry.npmjs.org/@next/swc-win32-arm64-msvc/-/swc-win32-arm64-msvc-12.2.4-canary.9.tgz",
      "integrity": "sha512-KmM77PCuZrlzk/vsmM9/NSSfLIEm+zxC213QjPAq5lQiQhfOTLE/TSDhmdtbtOXdnmYSVPUUvmXs2zzCXV8xgQ==",
      "optional": true
    },
    "@next/swc-win32-ia32-msvc": {
      "version": "12.2.4-canary.9",
      "resolved": "https://registry.npmjs.org/@next/swc-win32-ia32-msvc/-/swc-win32-ia32-msvc-12.2.4-canary.9.tgz",
      "integrity": "sha512-n3X1Fijs5hVDA8lIavUSSk5czT65DXOpkppu9lKhNW5xYdWCtt4Vako3tYUWfPN+E8tpyIr5UP1iRxQOug7JfA==",
      "optional": true
    },
    "@next/swc-win32-x64-msvc": {
      "version": "12.2.4-canary.9",
      "resolved": "https://registry.npmjs.org/@next/swc-win32-x64-msvc/-/swc-win32-x64-msvc-12.2.4-canary.9.tgz",
      "integrity": "sha512-ZkKK6r14vIF0SytIrJp9SG+xkiXXtqnG3E31vnsi2X/2H5FJ3T9qPDvgURlvhcSPI3jGGdvjLg+fW5CoeJqNqw==",
      "optional": true
    },
    "@swc/helpers": {
      "version": "0.4.3",
      "resolved": "https://registry.npmjs.org/@swc/helpers/-/helpers-0.4.3.tgz",
      "integrity": "sha512-6JrF+fdUK2zbGpJIlN7G3v966PQjyx/dPt1T9km2wj+EUBqgrxCk3uX4Kct16MIm9gGxfKRcfax2hVf5jvlTzA==",
      "requires": {
        "tslib": "^2.4.0"
      }
    },
    "@types/node": {
      "version": "18.6.3",
      "resolved": "https://registry.npmjs.org/@types/node/-/node-18.6.3.tgz",
      "integrity": "sha512-6qKpDtoaYLM+5+AFChLhHermMQxc3TOEFIDzrZLPRGHPrLEwqFkkT5Kx3ju05g6X7uDPazz3jHbKPX0KzCjntg==",
      "dev": true
    },
    "@types/prop-types": {
      "version": "15.7.5",
      "resolved": "https://registry.npmjs.org/@types/prop-types/-/prop-types-15.7.5.tgz",
      "integrity": "sha512-JCB8C6SnDoQf0cNycqd/35A7MjcnK+ZTqE7judS6o7utxUCg6imJg3QK2qzHKszlTjcj2cn+NwMB2i96ubpj7w==",
      "dev": true
    },
    "@types/react": {
      "version": "18.0.15",
      "resolved": "https://registry.npmjs.org/@types/react/-/react-18.0.15.tgz",
      "integrity": "sha512-iz3BtLuIYH1uWdsv6wXYdhozhqj20oD4/Hk2DNXIn1kFsmp9x8d9QB6FnPhfkbhd2PgEONt9Q1x/ebkwjfFLow==",
      "dev": true,
      "requires": {
        "@types/prop-types": "*",
        "@types/scheduler": "*",
        "csstype": "^3.0.2"
      }
    },
    "@types/scheduler": {
      "version": "0.16.2",
      "resolved": "https://registry.npmjs.org/@types/scheduler/-/scheduler-0.16.2.tgz",
      "integrity": "sha512-hppQEBDmlwhFAXKJX2KnWLYu5yMfi91yazPb2l+lbJiwW+wdo1gNeRA+3RgNSO39WYX2euey41KEwnqesU2Jew==",
      "dev": true
    },
    "caniuse-lite": {
      "version": "1.0.30001373",
      "resolved": "https://registry.npmjs.org/caniuse-lite/-/caniuse-lite-1.0.30001373.tgz",
      "integrity": "sha512-pJYArGHrPp3TUqQzFYRmP/lwJlj8RCbVe3Gd3eJQkAV8SAC6b19XS9BjMvRdvaS8RMkaTN8ZhoHP6S1y8zzwEQ=="
    },
    "csstype": {
      "version": "3.1.0",
      "resolved": "https://registry.npmjs.org/csstype/-/csstype-3.1.0.tgz",
      "integrity": "sha512-uX1KG+x9h5hIJsaKR9xHUeUraxf8IODOwq9JLNPq6BwB04a/xgpq3rcx47l5BZu5zBPlgD342tdke3Hom/nJRA==",
      "dev": true
    },
    "js-tokens": {
      "version": "4.0.0",
      "resolved": "https://registry.npmjs.org/js-tokens/-/js-tokens-4.0.0.tgz",
      "integrity": "sha512-RdJUflcE3cUzKiMqQgsCu06FPu9UdIJO0beYbPhHN4k6apgJtifcoCtT9bcxOpYBtpD2kCM6Sbzg4CausW/PKQ=="
    },
    "loose-envify": {
      "version": "1.4.0",
      "resolved": "https://registry.npmjs.org/loose-envify/-/loose-envify-1.4.0.tgz",
      "integrity": "sha512-lyuxPGr/Wfhrlem2CL/UcnUc1zcqKAImBDzukY7Y5F/yQiNdko6+fRLevlw1HgMySw7f611UIY408EtxRSoK3Q==",
      "requires": {
        "js-tokens": "^3.0.0 || ^4.0.0"
      }
    },
    "nanoid": {
      "version": "3.3.4",
      "resolved": "https://registry.npmjs.org/nanoid/-/nanoid-3.3.4.tgz",
      "integrity": "sha512-MqBkQh/OHTS2egovRtLk45wEyNXwF+cokD+1YPf9u5VfJiRdAiRwB2froX5Co9Rh20xs4siNPm8naNotSD6RBw=="
    },
    "next": {
      "version": "12.2.4-canary.9",
      "resolved": "https://registry.npmjs.org/next/-/next-12.2.4-canary.9.tgz",
      "integrity": "sha512-lZtjRAPMxKVSM845PDuSsXexjjU++ZEsNsI2gPwuoblyawLSwiROkQm2YszXe6HwXFb5FG3Oqn1bgboTl4S82A==",
      "requires": {
        "@next/env": "12.2.4-canary.9",
        "@next/swc-android-arm-eabi": "12.2.4-canary.9",
        "@next/swc-android-arm64": "12.2.4-canary.9",
        "@next/swc-darwin-arm64": "12.2.4-canary.9",
        "@next/swc-darwin-x64": "12.2.4-canary.9",
        "@next/swc-freebsd-x64": "12.2.4-canary.9",
        "@next/swc-linux-arm-gnueabihf": "12.2.4-canary.9",
        "@next/swc-linux-arm64-gnu": "12.2.4-canary.9",
        "@next/swc-linux-arm64-musl": "12.2.4-canary.9",
        "@next/swc-linux-x64-gnu": "12.2.4-canary.9",
        "@next/swc-linux-x64-musl": "12.2.4-canary.9",
        "@next/swc-win32-arm64-msvc": "12.2.4-canary.9",
        "@next/swc-win32-ia32-msvc": "12.2.4-canary.9",
        "@next/swc-win32-x64-msvc": "12.2.4-canary.9",
        "@swc/helpers": "0.4.3",
        "caniuse-lite": "^1.0.30001332",
        "postcss": "8.4.14",
        "styled-jsx": "5.0.2",
        "use-sync-external-store": "1.2.0"
      }
    },
    "picocolors": {
      "version": "1.0.0",
      "resolved": "https://registry.npmjs.org/picocolors/-/picocolors-1.0.0.tgz",
      "integrity": "sha512-1fygroTLlHu66zi26VoTDv8yRgm0Fccecssto+MhsZ0D/DGW2sm8E8AjW7NU5VVTRt5GxbeZ5qBuJr+HyLYkjQ=="
    },
    "postcss": {
      "version": "8.4.14",
      "resolved": "https://registry.npmjs.org/postcss/-/postcss-8.4.14.tgz",
      "integrity": "sha512-E398TUmfAYFPBSdzgeieK2Y1+1cpdxJx8yXbK/m57nRhKSmk1GB2tO4lbLBtlkfPQTDKfe4Xqv1ASWPpayPEig==",
      "requires": {
        "nanoid": "^3.3.4",
        "picocolors": "^1.0.0",
        "source-map-js": "^1.0.2"
      }
    },
    "react": {
      "version": "18.2.0",
      "resolved": "https://registry.npmjs.org/react/-/react-18.2.0.tgz",
      "integrity": "sha512-/3IjMdb2L9QbBdWiW5e3P2/npwMBaU9mHCSCUzNln0ZCYbcfTsGbTJrU/kGemdH2IWmB2ioZ+zkxtmq6g09fGQ==",
      "requires": {
        "loose-envify": "^1.1.0"
      }
    },
    "react-dom": {
      "version": "18.2.0",
      "resolved": "https://registry.npmjs.org/react-dom/-/react-dom-18.2.0.tgz",
      "integrity": "sha512-6IMTriUmvsjHUjNtEDudZfuDQUoWXVxKHhlEGSk81n4YFS+r/Kl99wXiwlVXtPBtJenozv2P+hxDsw9eA7Xo6g==",
      "requires": {
        "loose-envify": "^1.1.0",
        "scheduler": "^0.23.0"
      }
    },
    "scheduler": {
      "version": "0.23.0",
      "resolved": "https://registry.npmjs.org/scheduler/-/scheduler-0.23.0.tgz",
      "integrity": "sha512-CtuThmgHNg7zIZWAXi3AsyIzA3n4xx7aNyjwC2VJldO2LMVDhFK+63xGqq6CsJH4rTAt6/M+N4GhZiDYPx9eUw==",
      "requires": {
        "loose-envify": "^1.1.0"
      }
    },
    "source-map-js": {
      "version": "1.0.2",
      "resolved": "https://registry.npmjs.org/source-map-js/-/source-map-js-1.0.2.tgz",
      "integrity": "sha512-R0XvVJ9WusLiqTCEiGCmICCMplcCkIwwR11mOSD9CR5u+IXYdiseeEuXCVAjS54zqwkLcPNnmU4OeJ6tUrWhDw=="
    },
    "styled-jsx": {
      "version": "5.0.2",
      "resolved": "https://registry.npmjs.org/styled-jsx/-/styled-jsx-5.0.2.tgz",
      "integrity": "sha512-LqPQrbBh3egD57NBcHET4qcgshPks+yblyhPlH2GY8oaDgKs8SK4C3dBh3oSJjgzJ3G5t1SYEZGHkP+QEpX9EQ==",
      "requires": {}
    },
    "tslib": {
      "version": "2.4.0",
      "resolved": "https://registry.npmjs.org/tslib/-/tslib-2.4.0.tgz",
      "integrity": "sha512-d6xOpEDfsi2CZVlPQzGeux8XMwLT9hssAsaPYExaQMuYskwb+x1x7J371tWlbBdWHroy99KnVB6qIkUbs5X3UQ=="
    },
    "typescript": {
      "version": "4.7.4",
      "resolved": "https://registry.npmjs.org/typescript/-/typescript-4.7.4.tgz",
      "integrity": "sha512-C0WQT0gezHuw6AdY1M2jxUO83Rjf0HP7Sk1DtXj6j1EwkQNZrHAg2XPWlq62oqEhYvONq5pkC2Y9oPljWToLmQ==",
      "dev": true
    },
    "use-sync-external-store": {
      "version": "1.2.0",
      "resolved": "https://registry.npmjs.org/use-sync-external-store/-/use-sync-external-store-1.2.0.tgz",
      "integrity": "sha512-eEgnFxGQ1Ife9bzYs6VLi8/4X6CObHMw9Qr9tPY43iKwsPw8xE8+EFsf/2cFZ5S3esXgpWgtSCtLNS41F+sKPA==",
      "requires": {}
    }
  }
}
